
Microsoft Visual Studio Solution File, Format Version 12.00
# Visual Studio Version 17
VisualStudioVersion = 17.6.33829.357
MinimumVisualStudioVersion = 10.0.40219.1
Project("{FAE04EC0-301F-11D3-BF4B-00C04F79EFBC}") = "ProductMicroservicesProject", "ProductMicroservicesProject\ProductMicroservicesProject.csproj", "{7B600E03-0526-47F0-B5BD-C3F83DE79243}"
EndProject
Project("{00D1A9C2-B5F0-4AF3-8072-F6C62B433612}") = "productdb", "productdb\productdb.sqlproj", "{6659B932-B111-41FD-885B-B6DE2C605654}"
EndProject
Global
	GlobalSection(SolutionConfigurationPlatforms) = preSolution
		Debug|Any CPU = Debug|Any CPU
		Release|Any CPU = Release|Any CPU
	EndGlobalSection
	GlobalSection(ProjectConfigurationPlatforms) = postSolution
		{7B600E03-0526-47F0-B5BD-C3F83DE79243}.Debug|Any CPU.ActiveCfg = Debug|Any CPU
		{7B600E03-0526-47F0-B5BD-C3F83DE79243}.Debug|Any CPU.Build.0 = Debug|Any CPU
		{7B600E03-0526-47F0-B5BD-C3F83DE79243}.Release|Any CPU.ActiveCfg = Release|Any CPU
		{7B600E03-0526-47F0-B5BD-C3F83DE79243}.Release|Any CPU.Build.0 = Release|Any CPU
		{6659B932-B111-41FD-885B-B6DE2C605654}.Debug|Any CPU.ActiveCfg = Debug|Any CPU
		{6659B932-B111-41FD-885B-B6DE2C605654}.Debug|Any CPU.Build.0 = Debug|Any CPU
		{6659B932-B111-41FD-885B-B6DE2C605654}.Debug|Any CPU.Deploy.0 = Debug|Any CPU
		{6659B932-B111-41FD-885B-B6DE2C605654}.Release|Any CPU.ActiveCfg = Release|Any CPU
		{6659B932-B111-41FD-885B-B6DE2C605654}.Release|Any CPU.Build.0 = Release|Any CPU
		{6659B932-B111-41FD-885B-B6DE2C605654}.Release|Any CPU.Deploy.0 = Release|Any CPU
	EndGlobalSection
	GlobalSection(SolutionProperties) = preSolution
		HideSolutionNode = FALSE
	EndGlobalSection
	GlobalSection(ExtensibilityGlobals) = postSolution
		SolutionGuid = {82C64CEF-DB74-4FAA-BB02-F15DEE9F93F8}
	EndGlobalSection
EndGlobal
